
Microsoft Visual Studio Solution File, Format Version 12.00
# Visual Studio Version 17
VisualStudioVersion = 17.3.32929.385
MinimumVisualStudioVersion = 10.0.40219.1
Project("{FAE04EC0-301F-11D3-BF4B-00C04F79EFBC}") = "generadorContraseña", "generadorContraseña.csproj", "{FE9E2874-0EB7-4AF0-B00B-920F85EBBCDD}"
EndProject
Global
	GlobalSection(SolutionConfigurationPlatforms) = preSolution
		Debug|Any CPU = Debug|Any CPU
		Release|Any CPU = Release|Any CPU
	EndGlobalSection
	GlobalSection(ProjectConfigurationPlatforms) = postSolution
		{FE9E2874-0EB7-4AF0-B00B-920F85EBBCDD}.Debug|Any CPU.ActiveCfg = Debug|Any CPU
		{FE9E2874-0EB7-4AF0-B00B-920F85EBBCDD}.Debug|Any CPU.Build.0 = Debug|Any CPU
		{FE9E2874-0EB7-4AF0-B00B-920F85EBBCDD}.Release|Any CPU.ActiveCfg = Release|Any CPU
		{FE9E2874-0EB7-4AF0-B00B-920F85EBBCDD}.Release|Any CPU.Build.0 = Release|Any CPU
	EndGlobalSection
	GlobalSection(SolutionProperties) = preSolution
		HideSolutionNode = FALSE
	EndGlobalSection
	GlobalSection(ExtensibilityGlobals) = postSolution
		SolutionGuid = {7EEE33D9-06D9-4E52-A410-535D5370A04E}
	EndGlobalSection
EndGlobal
